
Microsoft Visual Studio Solution File, Format Version 12.00
# Visual Studio Version 17
VisualStudioVersion = 17.11.35222.181
MinimumVisualStudioVersion = 10.0.40219.1
Project("{FAE04EC0-301F-11D3-BF4B-00C04F79EFBC}") = "CAR_MANUFACTURING", "CAR_MANUFACTURING\CAR_MANUFACTURING.csproj", "{490BD30C-FD6A-49F8-8522-28BBA508CD34}"
EndProject
Global
	GlobalSection(SolutionConfigurationPlatforms) = preSolution
		Debug|Any CPU = Debug|Any CPU
		Release|Any CPU = Release|Any CPU
	EndGlobalSection
	GlobalSection(ProjectConfigurationPlatforms) = postSolution
		{490BD30C-FD6A-49F8-8522-28BBA508CD34}.Debug|Any CPU.ActiveCfg = Debug|Any CPU
		{490BD30C-FD6A-49F8-8522-28BBA508CD34}.Debug|Any CPU.Build.0 = Debug|Any CPU
		{490BD30C-FD6A-49F8-8522-28BBA508CD34}.Release|Any CPU.ActiveCfg = Release|Any CPU
		{490BD30C-FD6A-49F8-8522-28BBA508CD34}.Release|Any CPU.Build.0 = Release|Any CPU
	EndGlobalSection
	GlobalSection(SolutionProperties) = preSolution
		HideSolutionNode = FALSE
	EndGlobalSection
	GlobalSection(ExtensibilityGlobals) = postSolution
		SolutionGuid = {F1A42425-E69F-46CD-A062-777409C85597}
	EndGlobalSection
EndGlobal
